
Microsoft Visual Studio Solution File, Format Version 12.00
# Visual Studio 15
VisualStudioVersion = 15.0.26730.3
MinimumVisualStudioVersion = 10.0.40219.1
Project("{FAE04EC0-301F-11D3-BF4B-00C04F79EFBC}") = "MakeLog", "MakeLog\MakeLog.csproj", "{0E0AAA70-B548-48BD-A1E3-5032B0FE194A}"
EndProject
Global
	GlobalSection(SolutionConfigurationPlatforms) = preSolution
		Debug|Any CPU = Debug|Any CPU
		Release|Any CPU = Release|Any CPU
	EndGlobalSection
	GlobalSection(ProjectConfigurationPlatforms) = postSolution
		{0E0AAA70-B548-48BD-A1E3-5032B0FE194A}.Debug|Any CPU.ActiveCfg = Debug|Any CPU
		{0E0AAA70-B548-48BD-A1E3-5032B0FE194A}.Debug|Any CPU.Build.0 = Debug|Any CPU
		{0E0AAA70-B548-48BD-A1E3-5032B0FE194A}.Release|Any CPU.ActiveCfg = Release|Any CPU
		{0E0AAA70-B548-48BD-A1E3-5032B0FE194A}.Release|Any CPU.Build.0 = Release|Any CPU
	EndGlobalSection
	GlobalSection(SolutionProperties) = preSolution
		HideSolutionNode = FALSE
	EndGlobalSection
	GlobalSection(ExtensibilityGlobals) = postSolution
		SolutionGuid = {25CA33B8-4CA7-4EC6-AC62-8D5E49D4436E}
	EndGlobalSection
EndGlobal
