
Microsoft Visual Studio Solution File, Format Version 12.00
# Visual Studio 14
VisualStudioVersion = 14.0.23107.0
MinimumVisualStudioVersion = 10.0.40219.1
Project("{FAE04EC0-301F-11D3-BF4B-00C04F79EFBC}") = "ES", "ES\ES.csproj", "{77A6D53A-0731-4B28-9F79-A58DADACDF85}"
EndProject
Project("{FAE04EC0-301F-11D3-BF4B-00C04F79EFBC}") = "ESTest", "ESTest\ESTest.csproj", "{9BBFC75F-6047-46DF-87D4-AD9B859BDED7}"
EndProject
Global
	GlobalSection(SolutionConfigurationPlatforms) = preSolution
		Debug|Any CPU = Debug|Any CPU
		Release|Any CPU = Release|Any CPU
	EndGlobalSection
	GlobalSection(ProjectConfigurationPlatforms) = postSolution
		{77A6D53A-0731-4B28-9F79-A58DADACDF85}.Debug|Any CPU.ActiveCfg = Debug|Any CPU
		{77A6D53A-0731-4B28-9F79-A58DADACDF85}.Debug|Any CPU.Build.0 = Debug|Any CPU
		{77A6D53A-0731-4B28-9F79-A58DADACDF85}.Release|Any CPU.ActiveCfg = Release|Any CPU
		{77A6D53A-0731-4B28-9F79-A58DADACDF85}.Release|Any CPU.Build.0 = Release|Any CPU
		{9BBFC75F-6047-46DF-87D4-AD9B859BDED7}.Debug|Any CPU.ActiveCfg = Debug|Any CPU
		{9BBFC75F-6047-46DF-87D4-AD9B859BDED7}.Debug|Any CPU.Build.0 = Debug|Any CPU
		{9BBFC75F-6047-46DF-87D4-AD9B859BDED7}.Release|Any CPU.ActiveCfg = Release|Any CPU
		{9BBFC75F-6047-46DF-87D4-AD9B859BDED7}.Release|Any CPU.Build.0 = Release|Any CPU
	EndGlobalSection
	GlobalSection(SolutionProperties) = preSolution
		HideSolutionNode = FALSE
	EndGlobalSection
EndGlobal
